
Microsoft Visual Studio Solution File, Format Version 12.00
# Visual Studio Version 17
VisualStudioVersion = 17.10.35027.167
MinimumVisualStudioVersion = 10.0.40219.1
Project("{FAE04EC0-301F-11D3-BF4B-00C04F79EFBC}") = "pryLantieriGestionInventario", "pryLantieriGestionInventario.csproj", "{460FA669-C9C5-4AED-A690-1E54CCE02D59}"
EndProject
Global
	GlobalSection(SolutionConfigurationPlatforms) = preSolution
		Debug|Any CPU = Debug|Any CPU
		Release|Any CPU = Release|Any CPU
	EndGlobalSection
	GlobalSection(ProjectConfigurationPlatforms) = postSolution
		{460FA669-C9C5-4AED-A690-1E54CCE02D59}.Debug|Any CPU.ActiveCfg = Debug|Any CPU
		{460FA669-C9C5-4AED-A690-1E54CCE02D59}.Debug|Any CPU.Build.0 = Debug|Any CPU
		{460FA669-C9C5-4AED-A690-1E54CCE02D59}.Release|Any CPU.ActiveCfg = Release|Any CPU
		{460FA669-C9C5-4AED-A690-1E54CCE02D59}.Release|Any CPU.Build.0 = Release|Any CPU
	EndGlobalSection
	GlobalSection(SolutionProperties) = preSolution
		HideSolutionNode = FALSE
	EndGlobalSection
	GlobalSection(ExtensibilityGlobals) = postSolution
		SolutionGuid = {D1A35642-C623-4F2B-BBEA-2EF82354DC17}
	EndGlobalSection
EndGlobal
